{
  "name": "dovetail",
  "lockfileVersion": 3,
  "requires": true,
  "packages": {
    "": {
      "name": "dovetail",
      "dependencies": {
        "@stardazed/streams-compression": "^1.0.0",
        "nbtify": "^1.20.1"
      },
      "devDependencies": {
        "better-typescript": "^0.1.0",
        "new-javascript": "^0.3.0"
      }
    },
    "node_modules/@stardazed/streams-compression": {
      "version": "1.0.0",
      "resolved": "https://registry.npmjs.org/@stardazed/streams-compression/-/streams-compression-1.0.0.tgz",
      "integrity": "sha512-SQCiwxdIVJ5xxUBYptN+fc+tJpSDbxQuJ0+3u2SmHjIzr6JIRZ28AVFtFnGy6x6j3UBlaLx73w9rC6UAFxnd1g==",
      "dependencies": {
        "@stardazed/zlib": "^1.0.0"
      }
    },
    "node_modules/@stardazed/zlib": {
      "version": "1.0.1",
      "resolved": "https://registry.npmjs.org/@stardazed/zlib/-/zlib-1.0.1.tgz",
      "integrity": "sha512-MS6PCYiRNJ32c69+3NPyL+bu7LpiFDvMcBXnlhQnF8CKMG0R/xRVCCo422NPkQ0+Cox3xKpk5Lc1LfWFS4b3cw=="
    },
    "node_modules/better-typescript": {
      "version": "0.1.0",
      "resolved": "https://registry.npmjs.org/better-typescript/-/better-typescript-0.1.0.tgz",
      "integrity": "sha512-0aGDm4kqLzw1pXhVBI1i8dJheknH2hjxITtwNOQresgUHMd+hm9WqyTcvBeIEHNUnS5BM3uErwlFFS5qNS/LlA==",
      "dev": true,
      "dependencies": {
        "new-javascript": ">=0.3.0"
      }
    },
    "node_modules/nbtify": {
      "version": "1.20.1",
      "resolved": "https://registry.npmjs.org/nbtify/-/nbtify-1.20.1.tgz",
      "integrity": "sha512-Rgcf1TmsmImhwhdJsAzIBZcc+DmUlkBx7yQVa5LFJRGR1Ra6q0LI/oJqdKlra21Unpw552SbkjFc0GxM0RU5VQ=="
    },
    "node_modules/new-javascript": {
      "version": "0.3.0",
      "resolved": "https://registry.npmjs.org/new-javascript/-/new-javascript-0.3.0.tgz",
      "integrity": "sha512-ks3eZyupqA1tUpdZnw870iyn9fVpZSs4TYRmMpzvILMxK0t2a/J+p8NgpB/CgI5EIhKFkRZLYjP2YbTQuYb0DA==",
      "dev": true
    }
  }
}
