{
  "name": "dovetail",
  "lockfileVersion": 3,
  "requires": true,
  "packages": {
    "": {
      "name": "dovetail",
      "dependencies": {
        "compression-streams-polyfill": "^0.1.3",
        "es-module-shims": "^1.7.2",
        "nbtify": "^1.35.2"
      },
      "devDependencies": {
        "better-typescript": "^0.1.2",
        "new-javascript": "^0.3.1",
        "typescript": "^5.0.4"
      }
    },
    "node_modules/better-typescript": {
      "version": "0.1.2",
      "resolved": "https://registry.npmjs.org/better-typescript/-/better-typescript-0.1.2.tgz",
      "integrity": "sha512-8QCnjZB5IXx2q4mP4PslrRFQTeFlQ78stgh905tkAhTPOhVBlQnvNC6V/yb00Nzu3T2oSbOjgLo9yQJtyhkQ6Q==",
      "dev": true,
      "dependencies": {
        "new-javascript": ">=0.3.1"
      }
    },
    "node_modules/compression-streams-polyfill": {
      "version": "0.1.3",
      "resolved": "https://registry.npmjs.org/compression-streams-polyfill/-/compression-streams-polyfill-0.1.3.tgz",
      "integrity": "sha512-FOvusJGoWTKRb9JNMtCc42C81SdyJhJws/lbExADOkH1R8KpdzY4yFO6953lW5Vw498pnGXoyosr807KTr8BAA==",
      "dependencies": {
        "fflate": "^0.7.4"
      }
    },
    "node_modules/es-module-shims": {
      "version": "1.7.2",
      "resolved": "https://registry.npmjs.org/es-module-shims/-/es-module-shims-1.7.2.tgz",
      "integrity": "sha512-/qMCBBtHPR3fFyPvUIdeqkKqjRIUaXzPgZLOtYyFaRPLOTwsE6SKQStZZ4ksV/WwHSJRXv7sRjytsFsO5cYnsw=="
    },
    "node_modules/fflate": {
      "version": "0.7.4",
      "resolved": "https://registry.npmjs.org/fflate/-/fflate-0.7.4.tgz",
      "integrity": "sha512-5u2V/CDW15QM1XbbgS+0DfPxVB+jUKhWEKuuFuHncbk3tEEqzmoXL+2KyOFuKGqOnmdIy0/davWF1CkuwtibCw=="
    },
    "node_modules/nbtify": {
      "version": "1.35.2",
      "resolved": "https://registry.npmjs.org/nbtify/-/nbtify-1.35.2.tgz",
      "integrity": "sha512-eF4rs2uROOMepPVNxq/IPFAC80pFbZ5SWwhOFSMNNwMvRVHrwlEBF21VCZK9OSxwRI5uKtpl5oCekQvRvyqxPg=="
    },
    "node_modules/new-javascript": {
      "version": "0.3.1",
      "resolved": "https://registry.npmjs.org/new-javascript/-/new-javascript-0.3.1.tgz",
      "integrity": "sha512-a7xw8ztu02+OllV2+X9GUIzBNcxFrMm7Qgkb8FotXL66qecZSOiiSZxKEVpuqhr6A3KPRpnDRxVhOwi8WBG+5w==",
      "dev": true
    },
    "node_modules/typescript": {
      "version": "5.0.4",
      "resolved": "https://registry.npmjs.org/typescript/-/typescript-5.0.4.tgz",
      "integrity": "sha512-cW9T5W9xY37cc+jfEnaUvX91foxtHkza3Nw3wkoF4sSlKn0MONdkdEndig/qPBWXNkmplh3NzayQzCiHM4/hqw==",
      "dev": true,
      "bin": {
        "tsc": "bin/tsc",
        "tsserver": "bin/tsserver"
      },
      "engines": {
        "node": ">=12.20"
      }
    }
  }
}
